lockfileVersion: '6.0'

settings:
  autoInstallPeers: true
  excludeLinksFromLockfile: false

dependencies:
  web-scheduler:
    specifier: ^1.1.0
    version: 1.1.0

packages:

  /web-scheduler@1.1.0:
    resolution: {integrity: sha512-72UzkwabcSpSSL1NaGMf9h3wLE2mvY6qqxPAPO40kPx88Klltn5IPeHP1kUiH9ymunawug6rDt8XWnFwVyrTHg==}
    dev: false
