lockfileVersion: '6.0'

settings:
  autoInstallPeers: true
  excludeLinksFromLockfile: false

dependencies:
  web-scheduler:
    specifier: ^1.1.1
    version: 1.1.1

packages:

  /web-scheduler@1.1.1:
    resolution: {integrity: sha512-PU2pyjQrpKwCSBwxwOC2bLoqhOrnGAs7S0KJdJVo8SHYu0+7eRBAqyO6t4Nu96DMbk47dHnUj7C1s+QqqAhslg==}
    dev: false
