lockfileVersion: '6.0'

settings:
  autoInstallPeers: true
  excludeLinksFromLockfile: false

dependencies:
  web-scheduler:
    specifier: ^1.0.0
    version: 1.0.0

packages:

  /web-scheduler@1.0.0:
    resolution: {integrity: sha512-sFEInl5zeq2C80rAVGiErBmFHoEHCclLcvOxmqCttQpp8rwGvfTQJaVpCJqbJ8amSp6AiMoiZaWq96zGWFlX9Q==}
    dev: false
